# This file is automatically @generated by Cargo.
# It is not intended for manual editing.
version = 4

[[package]]
name = "vibe_ast"
version = "0.1.0"
dependencies = [
 "vibe_diagnostics",
]

[[package]]
name = "vibe_cli"
version = "0.1.0"
dependencies = [
 "vibe_diagnostics",
 "vibe_parser",
 "vibe_types",
]

[[package]]
name = "vibe_diagnostics"
version = "0.1.0"

[[package]]
name = "vibe_hir"
version = "0.1.0"
dependencies = [
 "vibe_ast",
]

[[package]]
name = "vibe_lexer"
version = "0.1.0"
dependencies = [
 "vibe_diagnostics",
]

[[package]]
name = "vibe_parser"
version = "0.1.0"
dependencies = [
 "vibe_ast",
 "vibe_diagnostics",
 "vibe_lexer",
]

[[package]]
name = "vibe_types"
version = "0.1.0"
dependencies = [
 "vibe_ast",
 "vibe_diagnostics",
 "vibe_hir",
]
